
Microsoft Visual Studio Solution File, Format Version 12.00
# Visual Studio 15
VisualStudioVersion = 15.0.27703.2018
MinimumVisualStudioVersion = 10.0.40219.1
Project("{FAE04EC0-301F-11D3-BF4B-00C04F79EFBC}") = "SpeechService", "SpeechService\SpeechService.csproj", "{7A9412A8-9EFD-47A8-8FBA-7E8AFB09E33B}"
EndProject
Global
	GlobalSection(SolutionConfigurationPlatforms) = preSolution
		Debug|Any CPU = Debug|Any CPU
		Release|Any CPU = Release|Any CPU
	EndGlobalSection
	GlobalSection(ProjectConfigurationPlatforms) = postSolution
		{7A9412A8-9EFD-47A8-8FBA-7E8AFB09E33B}.Debug|Any CPU.ActiveCfg = Debug|Any CPU
		{7A9412A8-9EFD-47A8-8FBA-7E8AFB09E33B}.Debug|Any CPU.Build.0 = Debug|Any CPU
		{7A9412A8-9EFD-47A8-8FBA-7E8AFB09E33B}.Release|Any CPU.ActiveCfg = Release|Any CPU
		{7A9412A8-9EFD-47A8-8FBA-7E8AFB09E33B}.Release|Any CPU.Build.0 = Release|Any CPU
	EndGlobalSection
	GlobalSection(SolutionProperties) = preSolution
		HideSolutionNode = FALSE
	EndGlobalSection
	GlobalSection(ExtensibilityGlobals) = postSolution
		SolutionGuid = {0447314B-165F-4B5F-BFF8-C4909805EE23}
	EndGlobalSection
EndGlobal
